// !$*UTF8*$!
{
	archiveVersion = 1;
	classes = {
	};
	objectVersion = 55;
	objects = {

/* Begin PBXBuildFile section */
		4E318ADB2791751A00909620 /* Extension + UITextField.swift in Sources */ = {isa = PBXBuildFile; fileRef = 4E318ADA2791751A00909620 /* Extension + UITextField.swift */; };
		4E4F41382786B84A00EBB937 /* SystemEnteringMobileView.swift in Sources */ = {isa = PBXBuildFile; fileRef = 4E4F41372786B84A00EBB937 /* SystemEnteringMobileView.swift */; };
		4E4F413A2786B86200EBB937 /* EnteringElectronicSignatureView.swift in Sources */ = {isa = PBXBuildFile; fileRef = 4E4F41392786B86200EBB937 /* EnteringElectronicSignatureView.swift */; };
		4E4F413C2786B87500EBB937 /* EmailNotificationView.swift in Sources */ = {isa = PBXBuildFile; fileRef = 4E4F413B2786B87500EBB937 /* EmailNotificationView.swift */; };
		4E4F413E2786B88C00EBB937 /* SecurityQuestionView.swift in Sources */ = {isa = PBXBuildFile; fileRef = 4E4F413D2786B88C00EBB937 /* SecurityQuestionView.swift */; };
		4E4F41412786D84800EBB937 /* TestViewController.swift in Sources */ = {isa = PBXBuildFile; fileRef = 4E4F41402786D84800EBB937 /* TestViewController.swift */; };
		4E8205F22782F95300FE5E13 /* LoginSystemBaseExpandView.swift in Sources */ = {isa = PBXBuildFile; fileRef = 4E8205F12782F95300FE5E13 /* LoginSystemBaseExpandView.swift */; };
		4EE71ADD277D9602000F3BE1 /* AppDelegate.swift in Sources */ = {isa = PBXBuildFile; fileRef = 4EE71ADC277D9602000F3BE1 /* AppDelegate.swift */; };
		4EE71ADF277D9602000F3BE1 /* SceneDelegate.swift in Sources */ = {isa = PBXBuildFile; fileRef = 4EE71ADE277D9602000F3BE1 /* SceneDelegate.swift */; };
		4EE71AE6277D9603000F3BE1 /* Assets.xcassets in Resources */ = {isa = PBXBuildFile; fileRef = 4EE71AE5277D9603000F3BE1 /* Assets.xcassets */; };
		4EE71AE9277D9603000F3BE1 /* LaunchScreen.storyboard in Resources */ = {isa = PBXBuildFile; fileRef = 4EE71AE7277D9603000F3BE1 /* LaunchScreen.storyboard */; };
		4EE71AF2277D9640000F3BE1 /* SnapKit in Frameworks */ = {isa = PBXBuildFile; productRef = 4EE71AF1277D9640000F3BE1 /* SnapKit */; };
		4EE71AF5277D9682000F3BE1 /* Moya in Frameworks */ = {isa = PBXBuildFile; productRef = 4EE71AF4277D9682000F3BE1 /* Moya */; };
		4EE71AF8277D96A1000F3BE1 /* Kingfisher in Frameworks */ = {isa = PBXBuildFile; productRef = 4EE71AF7277D96A1000F3BE1 /* Kingfisher */; };
		4EE71B00277D9757000F3BE1 /* SystemEnteringViewController.swift in Sources */ = {isa = PBXBuildFile; fileRef = 4EE71AFF277D9757000F3BE1 /* SystemEnteringViewController.swift */; };
		4EE71B02277D99A7000F3BE1 /* LoginSystemBaseView.swift in Sources */ = {isa = PBXBuildFile; fileRef = 4EE71B01277D99A7000F3BE1 /* LoginSystemBaseView.swift */; };
		4EE71B04277D9BEB000F3BE1 /* Extension + UIView.swift in Sources */ = {isa = PBXBuildFile; fileRef = 4EE71B03277D9BEB000F3BE1 /* Extension + UIView.swift */; };
		4EE71B06277DA38D000F3BE1 /* Extension + UIStackView.swift in Sources */ = {isa = PBXBuildFile; fileRef = 4EE71B05277DA38D000F3BE1 /* Extension + UIStackView.swift */; };
		4EFE472C2796B2E500F383EA /* SystemEnteringElectronicSignatureView.swift in Sources */ = {isa = PBXBuildFile; fileRef = 4EFE472B2796B2E500F383EA /* SystemEnteringElectronicSignatureView.swift */; };
		4EFE472F2796BC8200F383EA /* Zaglushka.swift in Sources */ = {isa = PBXBuildFile; fileRef = 4EFE472E2796BC8200F383EA /* Zaglushka.swift */; };
/* End PBXBuildFile section */

/* Begin PBXFileReference section */
		4E318ADA2791751A00909620 /* Extension + UITextField.swift */ = {isa = PBXFileReference; lastKnownFileType = sourcecode.swift; path = "Extension + UITextField.swift"; sourceTree = "<group>"; };
		4E4F41372786B84A00EBB937 /* SystemEnteringMobileView.swift */ = {isa = PBXFileReference; lastKnownFileType = sourcecode.swift; path = SystemEnteringMobileView.swift; sourceTree = "<group>"; };
		4E4F41392786B86200EBB937 /* EnteringElectronicSignatureView.swift */ = {isa = PBXFileReference; lastKnownFileType = sourcecode.swift; path = EnteringElectronicSignatureView.swift; sourceTree = "<group>"; };
		4E4F413B2786B87500EBB937 /* EmailNotificationView.swift */ = {isa = PBXFileReference; lastKnownFileType = sourcecode.swift; path = EmailNotificationView.swift; sourceTree = "<group>"; };
		4E4F413D2786B88C00EBB937 /* SecurityQuestionView.swift */ = {isa = PBXFileReference; lastKnownFileType = sourcecode.swift; path = SecurityQuestionView.swift; sourceTree = "<group>"; };
		4E4F41402786D84800EBB937 /* TestViewController.swift */ = {isa = PBXFileReference; lastKnownFileType = sourcecode.swift; path = TestViewController.swift; sourceTree = "<group>"; };
		4E8205F12782F95300FE5E13 /* LoginSystemBaseExpandView.swift */ = {isa = PBXFileReference; lastKnownFileType = sourcecode.swift; path = LoginSystemBaseExpandView.swift; sourceTree = "<group>"; };
		4EE71AD9277D9602000F3BE1 /* SystemEntering.app */ = {isa = PBXFileReference; explicitFileType = wrapper.application; includeInIndex = 0; path = SystemEntering.app; sourceTree = BUILT_PRODUCTS_DIR; };
		4EE71ADC277D9602000F3BE1 /* AppDelegate.swift */ = {isa = PBXFileReference; lastKnownFileType = sourcecode.swift; path = AppDelegate.swift; sourceTree = "<group>"; };
		4EE71ADE277D9602000F3BE1 /* SceneDelegate.swift */ = {isa = PBXFileReference; lastKnownFileType = sourcecode.swift; path = SceneDelegate.swift; sourceTree = "<group>"; };
		4EE71AE5277D9603000F3BE1 /* Assets.xcassets */ = {isa = PBXFileReference; lastKnownFileType = folder.assetcatalog; path = Assets.xcassets; sourceTree = "<group>"; };
		4EE71AE8277D9603000F3BE1 /* Base */ = {isa = PBXFileReference; lastKnownFileType = file.storyboard; name = Base; path = Base.lproj/LaunchScreen.storyboard; sourceTree = "<group>"; };
		4EE71AEA277D9603000F3BE1 /* Info.plist */ = {isa = PBXFileReference; lastKnownFileType = text.plist.xml; path = Info.plist; sourceTree = "<group>"; };
		4EE71AFF277D9757000F3BE1 /* SystemEnteringViewController.swift */ = {isa = PBXFileReference; lastKnownFileType = sourcecode.swift; path = SystemEnteringViewController.swift; sourceTree = "<group>"; };
		4EE71B01277D99A7000F3BE1 /* LoginSystemBaseView.swift */ = {isa = PBXFileReference; lastKnownFileType = sourcecode.swift; path = LoginSystemBaseView.swift; sourceTree = "<group>"; };
		4EE71B03277D9BEB000F3BE1 /* Extension + UIView.swift */ = {isa = PBXFileReference; lastKnownFileType = sourcecode.swift; path = "Extension + UIView.swift"; sourceTree = "<group>"; };
		4EE71B05277DA38D000F3BE1 /* Extension + UIStackView.swift */ = {isa = PBXFileReference; lastKnownFileType = sourcecode.swift; path = "Extension + UIStackView.swift"; sourceTree = "<group>"; };
		4EFE472B2796B2E500F383EA /* SystemEnteringElectronicSignatureView.swift */ = {isa = PBXFileReference; lastKnownFileType = sourcecode.swift; path = SystemEnteringElectronicSignatureView.swift; sourceTree = "<group>"; };
		4EFE472E2796BC8200F383EA /* Zaglushka.swift */ = {isa = PBXFileReference; lastKnownFileType = sourcecode.swift; path = Zaglushka.swift; sourceTree = "<group>"; };
/* End PBXFileReference section */

/* Begin PBXFrameworksBuildPhase section */
		4EE71AD6277D9602000F3BE1 /* Frameworks */ = {
			isa = PBXFrameworksBuildPhase;
			buildActionMask = 2147483647;
			files = (
				4EE71AF8277D96A1000F3BE1 /* Kingfisher in Frameworks */,
				4EE71AF5277D9682000F3BE1 /* Moya in Frameworks */,
				4EE71AF2277D9640000F3BE1 /* SnapKit in Frameworks */,
			);
			runOnlyForDeploymentPostprocessing = 0;
		};
/* End PBXFrameworksBuildPhase section */

/* Begin PBXGroup section */
		4E4F41362786B81B00EBB937 /* BaseView */ = {
			isa = PBXGroup;
			children = (
				4EE71B01277D99A7000F3BE1 /* LoginSystemBaseView.swift */,
				4E8205F12782F95300FE5E13 /* LoginSystemBaseExpandView.swift */,
				4EFE472B2796B2E500F383EA /* SystemEnteringElectronicSignatureView.swift */,
			);
			path = BaseView;
			sourceTree = "<group>";
		};
		4E4F413F2786D6B600EBB937 /* ChildView */ = {
			isa = PBXGroup;
			children = (
				4E4F41372786B84A00EBB937 /* SystemEnteringMobileView.swift */,
				4E4F41392786B86200EBB937 /* EnteringElectronicSignatureView.swift */,
				4E4F413B2786B87500EBB937 /* EmailNotificationView.swift */,
				4E4F413D2786B88C00EBB937 /* SecurityQuestionView.swift */,
			);
			path = ChildView;
			sourceTree = "<group>";
		};
		4EE71AD0277D9602000F3BE1 = {
			isa = PBXGroup;
			children = (
				4EE71AF9277D96B6000F3BE1 /* Controllers */,
				4EE71AFC277D96D2000F3BE1 /* Views */,
				4EE71AFD277D96E0000F3BE1 /* Custom */,
				4EE71AFE277D970B000F3BE1 /* Extension */,
				4EFE472D2796BC5300F383EA /* Protocols */,
				4EE71ADB277D9602000F3BE1 /* SystemEntering */,
				4EE71ADA277D9602000F3BE1 /* Products */,
			);
			sourceTree = "<group>";
		};
		4EE71ADA277D9602000F3BE1 /* Products */ = {
			isa = PBXGroup;
			children = (
				4EE71AD9277D9602000F3BE1 /* SystemEntering.app */,
			);
			name = Products;
			sourceTree = "<group>";
		};
		4EE71ADB277D9602000F3BE1 /* SystemEntering */ = {
			isa = PBXGroup;
			children = (
				4EE71ADC277D9602000F3BE1 /* AppDelegate.swift */,
				4EE71ADE277D9602000F3BE1 /* SceneDelegate.swift */,
				4EE71AE5277D9603000F3BE1 /* Assets.xcassets */,
				4EE71AE7277D9603000F3BE1 /* LaunchScreen.storyboard */,
				4EE71AEA277D9603000F3BE1 /* Info.plist */,
			);
			path = SystemEntering;
			sourceTree = "<group>";
		};
		4EE71AF9277D96B6000F3BE1 /* Controllers */ = {
			isa = PBXGroup;
			children = (
				4EE71AFF277D9757000F3BE1 /* SystemEnteringViewController.swift */,
				4E4F41402786D84800EBB937 /* TestViewController.swift */,
			);
			path = Controllers;
			sourceTree = "<group>";
		};
		4EE71AFC277D96D2000F3BE1 /* Views */ = {
			isa = PBXGroup;
			children = (
				4E4F41362786B81B00EBB937 /* BaseView */,
				4E4F413F2786D6B600EBB937 /* ChildView */,
			);
			path = Views;
			sourceTree = "<group>";
		};
		4EE71AFD277D96E0000F3BE1 /* Custom */ = {
			isa = PBXGroup;
			children = (
			);
			path = Custom;
			sourceTree = "<group>";
		};
		4EE71AFE277D970B000F3BE1 /* Extension */ = {
			isa = PBXGroup;
			children = (
				4EE71B03277D9BEB000F3BE1 /* Extension + UIView.swift */,
				4EE71B05277DA38D000F3BE1 /* Extension + UIStackView.swift */,
				4E318ADA2791751A00909620 /* Extension + UITextField.swift */,
			);
			path = Extension;
			sourceTree = "<group>";
		};
		4EFE472D2796BC5300F383EA /* Protocols */ = {
			isa = PBXGroup;
			children = (
				4EFE472E2796BC8200F383EA /* Zaglushka.swift */,
			);
			path = Protocols;
			sourceTree = "<group>";
		};
/* End PBXGroup section */

/* Begin PBXNativeTarget section */
		4EE71AD8277D9602000F3BE1 /* SystemEntering */ = {
			isa = PBXNativeTarget;
			buildConfigurationList = 4EE71AED277D9603000F3BE1 /* Build configuration list for PBXNativeTarget "SystemEntering" */;
			buildPhases = (
				4EE71AD5277D9602000F3BE1 /* Sources */,
				4EE71AD6277D9602000F3BE1 /* Frameworks */,
				4EE71AD7277D9602000F3BE1 /* Resources */,
			);
			buildRules = (
			);
			dependencies = (
			);
			name = SystemEntering;
			packageProductDependencies = (
				4EE71AF1277D9640000F3BE1 /* SnapKit */,
				4EE71AF4277D9682000F3BE1 /* Moya */,
				4EE71AF7277D96A1000F3BE1 /* Kingfisher */,
			);
			productName = SystemEntering;
			productReference = 4EE71AD9277D9602000F3BE1 /* SystemEntering.app */;
			productType = "com.apple.product-type.application";
		};
/* End PBXNativeTarget section */

/* Begin PBXProject section */
		4EE71AD1277D9602000F3BE1 /* Project object */ = {
			isa = PBXProject;
			attributes = {
				BuildIndependentTargetsInParallel = 1;
				LastSwiftUpdateCheck = 1300;
				LastUpgradeCheck = 1300;
				TargetAttributes = {
					4EE71AD8277D9602000F3BE1 = {
						CreatedOnToolsVersion = 13.0;
					};
				};
			};
			buildConfigurationList = 4EE71AD4277D9602000F3BE1 /* Build configuration list for PBXProject "SystemEntering" */;
			compatibilityVersion = "Xcode 13.0";
			developmentRegion = en;
			hasScannedForEncodings = 0;
			knownRegions = (
				en,
				Base,
			);
			mainGroup = 4EE71AD0277D9602000F3BE1;
			packageReferences = (
				4EE71AF0277D9640000F3BE1 /* XCRemoteSwiftPackageReference "SnapKit" */,
				4EE71AF3277D9682000F3BE1 /* XCRemoteSwiftPackageReference "Moya" */,
				4EE71AF6277D96A1000F3BE1 /* XCRemoteSwiftPackageReference "Kingfisher" */,
			);
			productRefGroup = 4EE71ADA277D9602000F3BE1 /* Products */;
			projectDirPath = "";
			projectRoot = "";
			targets = (
				4EE71AD8277D9602000F3BE1 /* SystemEntering */,
			);
		};
/* End PBXProject section */

/* Begin PBXResourcesBuildPhase section */
		4EE71AD7277D9602000F3BE1 /* Resources */ = {
			isa = PBXResourcesBuildPhase;
			buildActionMask = 2147483647;
			files = (
				4EE71AE9277D9603000F3BE1 /* LaunchScreen.storyboard in Resources */,
				4EE71AE6277D9603000F3BE1 /* Assets.xcassets in Resources */,
			);
			runOnlyForDeploymentPostprocessing = 0;
		};
/* End PBXResourcesBuildPhase section */

/* Begin PBXSourcesBuildPhase section */
		4EE71AD5277D9602000F3BE1 /* Sources */ = {
			isa = PBXSourcesBuildPhase;
			buildActionMask = 2147483647;
			files = (
				4E4F413E2786B88C00EBB937 /* SecurityQuestionView.swift in Sources */,
				4EE71ADD277D9602000F3BE1 /* AppDelegate.swift in Sources */,
				4EFE472F2796BC8200F383EA /* Zaglushka.swift in Sources */,
				4EE71B06277DA38D000F3BE1 /* Extension + UIStackView.swift in Sources */,
				4E8205F22782F95300FE5E13 /* LoginSystemBaseExpandView.swift in Sources */,
				4EE71B04277D9BEB000F3BE1 /* Extension + UIView.swift in Sources */,
				4EFE472C2796B2E500F383EA /* SystemEnteringElectronicSignatureView.swift in Sources */,
				4E4F413A2786B86200EBB937 /* EnteringElectronicSignatureView.swift in Sources */,
				4EE71B02277D99A7000F3BE1 /* LoginSystemBaseView.swift in Sources */,
				4E4F41382786B84A00EBB937 /* SystemEnteringMobileView.swift in Sources */,
				4EE71ADF277D9602000F3BE1 /* SceneDelegate.swift in Sources */,
				4E4F413C2786B87500EBB937 /* EmailNotificationView.swift in Sources */,
				4E4F41412786D84800EBB937 /* TestViewController.swift in Sources */,
				4E318ADB2791751A00909620 /* Extension + UITextField.swift in Sources */,
				4EE71B00277D9757000F3BE1 /* SystemEnteringViewController.swift in Sources */,
			);
			runOnlyForDeploymentPostprocessing = 0;
		};
/* End PBXSourcesBuildPhase section */

/* Begin PBXVariantGroup section */
		4EE71AE7277D9603000F3BE1 /* LaunchScreen.storyboard */ = {
			isa = PBXVariantGroup;
			children = (
				4EE71AE8277D9603000F3BE1 /* Base */,
			);
			name = LaunchScreen.storyboard;
			sourceTree = "<group>";
		};
/* End PBXVariantGroup section */

/* Begin XCBuildConfiguration section */
		4EE71AEB277D9603000F3BE1 /* Debug */ = {
			isa = XCBuildConfiguration;
			buildSettings = {
				ALWAYS_SEARCH_USER_PATHS = NO;
				CLANG_ANALYZER_NONNULL = YES;
				CLANG_ANALYZER_NUMBER_OBJECT_CONVERSION = YES_AGGRESSIVE;
				CLANG_CXX_LANGUAGE_STANDARD = "gnu++17";
				CLANG_CXX_LIBRARY = "libc++";
				CLANG_ENABLE_MODULES = YES;
				CLANG_ENABLE_OBJC_ARC = YES;
				CLANG_ENABLE_OBJC_WEAK = YES;
				CLANG_WARN_BLOCK_CAPTURE_AUTORELEASING = YES;
				CLANG_WARN_BOOL_CONVERSION = YES;
				CLANG_WARN_COMMA = YES;
				CLANG_WARN_CONSTANT_CONVERSION = YES;
				CLANG_WARN_DEPRECATED_OBJC_IMPLEMENTATIONS = YES;
				CLANG_WARN_DIRECT_OBJC_ISA_USAGE = YES_ERROR;
				CLANG_WARN_DOCUMENTATION_COMMENTS = YES;
				CLANG_WARN_EMPTY_BODY = YES;
				CLANG_WARN_ENUM_CONVERSION = YES;
				CLANG_WARN_INFINITE_RECURSION = YES;
				CLANG_WARN_INT_CONVERSION = YES;
				CLANG_WARN_NON_LITERAL_NULL_CONVERSION = YES;
				CLANG_WARN_OBJC_IMPLICIT_RETAIN_SELF = YES;
				CLANG_WARN_OBJC_LITERAL_CONVERSION = YES;
				CLANG_WARN_OBJC_ROOT_CLASS = YES_ERROR;
				CLANG_WARN_QUOTED_INCLUDE_IN_FRAMEWORK_HEADER = YES;
				CLANG_WARN_RANGE_LOOP_ANALYSIS = YES;
				CLANG_WARN_STRICT_PROTOTYPES = YES;
				CLANG_WARN_SUSPICIOUS_MOVE = YES;
				CLANG_WARN_UNGUARDED_AVAILABILITY = YES_AGGRESSIVE;
				CLANG_WARN_UNREACHABLE_CODE = YES;
				CLANG_WARN__DUPLICATE_METHOD_MATCH = YES;
				COPY_PHASE_STRIP = NO;
				DEBUG_INFORMATION_FORMAT = dwarf;
				ENABLE_STRICT_OBJC_MSGSEND = YES;
				ENABLE_TESTABILITY = YES;
				GCC_C_LANGUAGE_STANDARD = gnu11;
				GCC_DYNAMIC_NO_PIC = NO;
				GCC_NO_COMMON_BLOCKS = YES;
				GCC_OPTIMIZATION_LEVEL = 0;
				GCC_PREPROCESSOR_DEFINITIONS = (
					"DEBUG=1",
					"$(inherited)",
				);
				GCC_WARN_64_TO_32_BIT_CONVERSION = YES;
				GCC_WARN_ABOUT_RETURN_TYPE = YES_ERROR;
				GCC_WARN_UNDECLARED_SELECTOR = YES;
				GCC_WARN_UNINITIALIZED_AUTOS = YES_AGGRESSIVE;
				GCC_WARN_UNUSED_FUNCTION = YES;
				GCC_WARN_UNUSED_VARIABLE = YES;
				IPHONEOS_DEPLOYMENT_TARGET = 15.0;
				MTL_ENABLE_DEBUG_INFO = INCLUDE_SOURCE;
				MTL_FAST_MATH = YES;
				ONLY_ACTIVE_ARCH = YES;
				SDKROOT = iphoneos;
				SWIFT_ACTIVE_COMPILATION_CONDITIONS = DEBUG;
				SWIFT_OPTIMIZATION_LEVEL = "-Onone";
			};
			name = Debug;
		};
		4EE71AEC277D9603000F3BE1 /* Release */ = {
			isa = XCBuildConfiguration;
			buildSettings = {
				ALWAYS_SEARCH_USER_PATHS = NO;
				CLANG_ANALYZER_NONNULL = YES;
				CLANG_ANALYZER_NUMBER_OBJECT_CONVERSION = YES_AGGRESSIVE;
				CLANG_CXX_LANGUAGE_STANDARD = "gnu++17";
				CLANG_CXX_LIBRARY = "libc++";
				CLANG_ENABLE_MODULES = YES;
				CLANG_ENABLE_OBJC_ARC = YES;
				CLANG_ENABLE_OBJC_WEAK = YES;
				CLANG_WARN_BLOCK_CAPTURE_AUTORELEASING = YES;
				CLANG_WARN_BOOL_CONVERSION = YES;
				CLANG_WARN_COMMA = YES;
				CLANG_WARN_CONSTANT_CONVERSION = YES;
				CLANG_WARN_DEPRECATED_OBJC_IMPLEMENTATIONS = YES;
				CLANG_WARN_DIRECT_OBJC_ISA_USAGE = YES_ERROR;
				CLANG_WARN_DOCUMENTATION_COMMENTS = YES;
				CLANG_WARN_EMPTY_BODY = YES;
				CLANG_WARN_ENUM_CONVERSION = YES;
				CLANG_WARN_INFINITE_RECURSION = YES;
				CLANG_WARN_INT_CONVERSION = YES;
				CLANG_WARN_NON_LITERAL_NULL_CONVERSION = YES;
				CLANG_WARN_OBJC_IMPLICIT_RETAIN_SELF = YES;
				CLANG_WARN_OBJC_LITERAL_CONVERSION = YES;
				CLANG_WARN_OBJC_ROOT_CLASS = YES_ERROR;
				CLANG_WARN_QUOTED_INCLUDE_IN_FRAMEWORK_HEADER = YES;
				CLANG_WARN_RANGE_LOOP_ANALYSIS = YES;
				CLANG_WARN_STRICT_PROTOTYPES = YES;
				CLANG_WARN_SUSPICIOUS_MOVE = YES;
				CLANG_WARN_UNGUARDED_AVAILABILITY = YES_AGGRESSIVE;
				CLANG_WARN_UNREACHABLE_CODE = YES;
				CLANG_WARN__DUPLICATE_METHOD_MATCH = YES;
				COPY_PHASE_STRIP = NO;
				DEBUG_INFORMATION_FORMAT = "dwarf-with-dsym";
				ENABLE_NS_ASSERTIONS = NO;
				ENABLE_STRICT_OBJC_MSGSEND = YES;
				GCC_C_LANGUAGE_STANDARD = gnu11;
				GCC_NO_COMMON_BLOCKS = YES;
				GCC_WARN_64_TO_32_BIT_CONVERSION = YES;
				GCC_WARN_ABOUT_RETURN_TYPE = YES_ERROR;
				GCC_WARN_UNDECLARED_SELECTOR = YES;
				GCC_WARN_UNINITIALIZED_AUTOS = YES_AGGRESSIVE;
				GCC_WARN_UNUSED_FUNCTION = YES;
				GCC_WARN_UNUSED_VARIABLE = YES;
				IPHONEOS_DEPLOYMENT_TARGET = 15.0;
				MTL_ENABLE_DEBUG_INFO = NO;
				MTL_FAST_MATH = YES;
				SDKROOT = iphoneos;
				SWIFT_COMPILATION_MODE = wholemodule;
				SWIFT_OPTIMIZATION_LEVEL = "-O";
				VALIDATE_PRODUCT = YES;
			};
			name = Release;
		};
		4EE71AEE277D9603000F3BE1 /* Debug */ = {
			isa = XCBuildConfiguration;
			buildSettings = {
				ASSETCATALOG_COMPILER_APPICON_NAME = AppIcon;
				ASSETCATALOG_COMPILER_GLOBAL_ACCENT_COLOR_NAME = AccentColor;
				CODE_SIGN_STYLE = Automatic;
				CURRENT_PROJECT_VERSION = 1;
				DEVELOPMENT_TEAM = G52SNX4NPA;
				GENERATE_INFOPLIST_FILE = YES;
				INFOPLIST_FILE = SystemEntering/Info.plist;
				INFOPLIST_KEY_UIApplicationSupportsIndirectInputEvents = YES;
				INFOPLIST_KEY_UILaunchStoryboardName = LaunchScreen;
				INFOPLIST_KEY_UISupportedInterfaceOrientations_iPad = "UIInterfaceOrientationPortrait UIInterfaceOrientationPortraitUpsideDown UIInterfaceOrientationLandscapeLeft UIInterfaceOrientationLandscapeRight";
				INFOPLIST_KEY_UISupportedInterfaceOrientations_iPhone = "UIInterfaceOrientationPortrait UIInterfaceOrientationLandscapeLeft UIInterfaceOrientationLandscapeRight";
				LD_RUNPATH_SEARCH_PATHS = (
					"$(inherited)",
					"@executable_path/Frameworks",
				);
				MARKETING_VERSION = 1.0;
				PRODUCT_BUNDLE_IDENTIFIER = com.loginov.SystemEntering;
				PRODUCT_NAME = "$(TARGET_NAME)";
				SWIFT_EMIT_LOC_STRINGS = YES;
				SWIFT_VERSION = 5.0;
				TARGETED_DEVICE_FAMILY = "1,2";
			};
			name = Debug;
		};
		4EE71AEF277D9603000F3BE1 /* Release */ = {
			isa = XCBuildConfiguration;
			buildSettings = {
				ASSETCATALOG_COMPILER_APPICON_NAME = AppIcon;
				ASSETCATALOG_COMPILER_GLOBAL_ACCENT_COLOR_NAME = AccentColor;
				CODE_SIGN_STYLE = Automatic;
				CURRENT_PROJECT_VERSION = 1;
				DEVELOPMENT_TEAM = G52SNX4NPA;
				GENERATE_INFOPLIST_FILE = YES;
				INFOPLIST_FILE = SystemEntering/Info.plist;
				INFOPLIST_KEY_UIApplicationSupportsIndirectInputEvents = YES;
				INFOPLIST_KEY_UILaunchStoryboardName = LaunchScreen;
				INFOPLIST_KEY_UISupportedInterfaceOrientations_iPad = "UIInterfaceOrientationPortrait UIInterfaceOrientationPortraitUpsideDown UIInterfaceOrientationLandscapeLeft UIInterfaceOrientationLandscapeRight";
				INFOPLIST_KEY_UISupportedInterfaceOrientations_iPhone = "UIInterfaceOrientationPortrait UIInterfaceOrientationLandscapeLeft UIInterfaceOrientationLandscapeRight";
				LD_RUNPATH_SEARCH_PATHS = (
					"$(inherited)",
					"@executable_path/Frameworks",
				);
				MARKETING_VERSION = 1.0;
				PRODUCT_BUNDLE_IDENTIFIER = com.loginov.SystemEntering;
				PRODUCT_NAME = "$(TARGET_NAME)";
				SWIFT_EMIT_LOC_STRINGS = YES;
				SWIFT_VERSION = 5.0;
				TARGETED_DEVICE_FAMILY = "1,2";
			};
			name = Release;
		};
/* End XCBuildConfiguration section */

/* Begin XCConfigurationList section */
		4EE71AD4277D9602000F3BE1 /* Build configuration list for PBXProject "SystemEntering" */ = {
			isa = XCConfigurationList;
			buildConfigurations = (
				4EE71AEB277D9603000F3BE1 /* Debug */,
				4EE71AEC277D9603000F3BE1 /* Release */,
			);
			defaultConfigurationIsVisible = 0;
			defaultConfigurationName = Release;
		};
		4EE71AED277D9603000F3BE1 /* Build configuration list for PBXNativeTarget "SystemEntering" */ = {
			isa = XCConfigurationList;
			buildConfigurations = (
				4EE71AEE277D9603000F3BE1 /* Debug */,
				4EE71AEF277D9603000F3BE1 /* Release */,
			);
			defaultConfigurationIsVisible = 0;
			defaultConfigurationName = Release;
		};
/* End XCConfigurationList section */

/* Begin XCRemoteSwiftPackageReference section */
		4EE71AF0277D9640000F3BE1 /* XCRemoteSwiftPackageReference "SnapKit" */ = {
			isa = XCRemoteSwiftPackageReference;
			repositoryURL = "https://github.com/SnapKit/SnapKit.git";
			requirement = {
				kind = versionRange;
				maximumVersion = 6.0.0;
				minimumVersion = 5.0.0;
			};
		};
		4EE71AF3277D9682000F3BE1 /* XCRemoteSwiftPackageReference "Moya" */ = {
			isa = XCRemoteSwiftPackageReference;
			repositoryURL = "https://github.com/Moya/Moya.git";
			requirement = {
				kind = versionRange;
				maximumVersion = 13.0.0;
				minimumVersion = 9.0.0;
			};
		};
		4EE71AF6277D96A1000F3BE1 /* XCRemoteSwiftPackageReference "Kingfisher" */ = {
			isa = XCRemoteSwiftPackageReference;
			repositoryURL = "https://github.com/onevcat/Kingfisher.git";
			requirement = {
				kind = versionRange;
				maximumVersion = 8.0.0;
				minimumVersion = 7.0.0;
			};
		};
/* End XCRemoteSwiftPackageReference section */

/* Begin XCSwiftPackageProductDependency section */
		4EE71AF1277D9640000F3BE1 /* SnapKit */ = {
			isa = XCSwiftPackageProductDependency;
			package = 4EE71AF0277D9640000F3BE1 /* XCRemoteSwiftPackageReference "SnapKit" */;
			productName = SnapKit;
		};
		4EE71AF4277D9682000F3BE1 /* Moya */ = {
			isa = XCSwiftPackageProductDependency;
			package = 4EE71AF3277D9682000F3BE1 /* XCRemoteSwiftPackageReference "Moya" */;
			productName = Moya;
		};
		4EE71AF7277D96A1000F3BE1 /* Kingfisher */ = {
			isa = XCSwiftPackageProductDependency;
			package = 4EE71AF6277D96A1000F3BE1 /* XCRemoteSwiftPackageReference "Kingfisher" */;
			productName = Kingfisher;
		};
/* End XCSwiftPackageProductDependency section */
	};
	rootObject = 4EE71AD1277D9602000F3BE1 /* Project object */;
}
